
Microsoft Visual Studio Solution File, Format Version 12.00
# Visual Studio 15
VisualStudioVersion = 15.0.27130.2027
MinimumVisualStudioVersion = 10.0.40219.1
Project("{2150E333-8FDC-42A3-9474-1A3956D46DE8}") = "Easy", "Easy", "{93818555-5534-4822-8DA5-99350D561D11}"
EndProject
Project("{FAE04EC0-301F-11D3-BF4B-00C04F79EFBC}") = "AddTwoNumbers", "Easy\AddTwoNumbers\AddTwoNumbers.csproj", "{F543E006-C839-4F04-9DEF-593311F4E0F5}"
EndProject
Project("{FAE04EC0-301F-11D3-BF4B-00C04F79EFBC}") = "PalindromeNumber", "Easy\PalindromeNumber\PalindromeNumber.csproj", "{914784AB-AA3D-4427-A97D-0408415DDA6F}"
EndProject
Project("{FAE04EC0-301F-11D3-BF4B-00C04F79EFBC}") = "ReverseInteger", "Easy\ReverseInteger\ReverseInteger.csproj", "{4F70EE40-BF4B-4556-B5DB-27253CA9656F}"
EndProject
Project("{FAE04EC0-301F-11D3-BF4B-00C04F79EFBC}") = "RomanToInteger", "Easy\RomanToInteger\RomanToInteger.csproj", "{2DB9DDC5-A256-4BEE-A1BB-328D79532F60}"
EndProject
Project("{FAE04EC0-301F-11D3-BF4B-00C04F79EFBC}") = "TwoSum", "Easy\TwoSum\TwoSum.csproj", "{0E44003D-3BF6-4384-AB7B-BA5E77AABF08}"
EndProject
Project("{FAE04EC0-301F-11D3-BF4B-00C04F79EFBC}") = "MergeTwoSortedLists", "Easy\MergeTwoSortedLists\MergeTwoSortedLists\MergeTwoSortedLists.csproj", "{447B653A-C126-4B65-8560-36A8A376A9C0}"
EndProject
Project("{FAE04EC0-301F-11D3-BF4B-00C04F79EFBC}") = "RemoveDuplicatesFromSortedArray", "Easy\RemoveDuplicatesFromSortedArray\RemoveDuplicatesFromSortedArray.csproj", "{C35F34CA-C28A-4CF1-8CA0-65281D3EB6D5}"
EndProject
Project("{FAE04EC0-301F-11D3-BF4B-00C04F79EFBC}") = "RemoveElement", "Easy\RemoveElement\RemoveElement.csproj", "{D77866D1-8025-4DBE-BCD2-68873DB424B9}"
EndProject
Project("{FAE04EC0-301F-11D3-BF4B-00C04F79EFBC}") = "ImplementstrStr", "Easy\ImplementstrStr\ImplementstrStr.csproj", "{4E7069B1-2178-4A99-96E9-FE2F121EF3DA}"
EndProject
Project("{FAE04EC0-301F-11D3-BF4B-00C04F79EFBC}") = "LongestCommonPrefix", "Easy\LongestCommonPrefix\LongestCommonPrefix.csproj", "{1B92E077-B795-4BBB-B403-30443E60ACAD}"
EndProject
Project("{FAE04EC0-301F-11D3-BF4B-00C04F79EFBC}") = "SearchInsertPosition", "Easy\SearchInsertPosition\SearchInsertPosition.csproj", "{22AA25A8-9903-4434-85AB-B2DA2F270813}"
EndProject
Project("{FAE04EC0-301F-11D3-BF4B-00C04F79EFBC}") = "ValidParentheses", "Easy\ValidParentheses\ValidParentheses.csproj", "{4C0DE97D-BED8-4137-9681-C9ADDD6614A7}"
EndProject
Project("{FAE04EC0-301F-11D3-BF4B-00C04F79EFBC}") = "MaximumSubarray", "Easy\MaximumSubarray\MaximumSubarray.csproj", "{0D3A5165-9A8C-4F4A-B1AA-6A86DF05A07A}"
EndProject
Project("{FAE04EC0-301F-11D3-BF4B-00C04F79EFBC}") = "BestTimeToBuyAndSellStock", "Easy\BestTimeToBuyAndSellStock\BestTimeToBuyAndSellStock.csproj", "{66587378-80EF-40F6-81B0-6E9D5965FDDE}"
EndProject
Project("{FAE04EC0-301F-11D3-BF4B-00C04F79EFBC}") = "LengthOfLastWord", "Easy\LengthOfLastWord\LengthOfLastWord.csproj", "{34DF3276-0EC3-442A-931C-A60A39D376F8}"
EndProject
Project("{FAE04EC0-301F-11D3-BF4B-00C04F79EFBC}") = "PlusOne", "Easy\PlusOne\PlusOne.csproj", "{20763D6D-288E-4E42-BEC6-F6F4F14C6339}"
EndProject
Project("{FAE04EC0-301F-11D3-BF4B-00C04F79EFBC}") = "AddBinary", "Easy\AddBinary\AddBinary.csproj", "{94CB18DD-12EE-4292-9A45-573C2E55350A}"
EndProject
Project("{2150E333-8FDC-42A3-9474-1A3956D46DE8}") = "Medium", "Medium", "{EB4E94A1-6186-4C1B-9FCF-6A6910DCBC74}"
EndProject
Project("{FAE04EC0-301F-11D3-BF4B-00C04F79EFBC}") = "AddTwoNumbers", "Medium\AddTwoNumbers\AddTwoNumbers.csproj", "{1745A85D-46E4-4BA4-9790-001ADAC804A1}"
EndProject
Project("{FAE04EC0-301F-11D3-BF4B-00C04F79EFBC}") = "ClimbingStairs", "Easy\ClimbingStairs\ClimbingStairs.csproj", "{13B9F384-44D6-4078-971B-0AF4F9D994B9}"
EndProject
Project("{FAE04EC0-301F-11D3-BF4B-00C04F79EFBC}") = "RemoveDuplicatesFromSortedList", "Easy\RemoveDuplicatesFromSortedList\RemoveDuplicatesFromSortedList.csproj", "{EF841F3D-C94A-4922-840A-F1590BAE78AB}"
EndProject
Project("{FAE04EC0-301F-11D3-BF4B-00C04F79EFBC}") = "MergeSortedArray", "Easy\MergeSortedArray\MergeSortedArray.csproj", "{125C1E49-DFDC-48CA-95C9-6ED521DB25B2}"
EndProject
Global
	GlobalSection(SolutionConfigurationPlatforms) = preSolution
		Debug|Any CPU = Debug|Any CPU
		Release|Any CPU = Release|Any CPU
	EndGlobalSection
	GlobalSection(ProjectConfigurationPlatforms) = postSolution
		{F543E006-C839-4F04-9DEF-593311F4E0F5}.Debug|Any CPU.ActiveCfg = Debug|Any CPU
		{F543E006-C839-4F04-9DEF-593311F4E0F5}.Debug|Any CPU.Build.0 = Debug|Any CPU
		{F543E006-C839-4F04-9DEF-593311F4E0F5}.Release|Any CPU.ActiveCfg = Release|Any CPU
		{F543E006-C839-4F04-9DEF-593311F4E0F5}.Release|Any CPU.Build.0 = Release|Any CPU
		{914784AB-AA3D-4427-A97D-0408415DDA6F}.Debug|Any CPU.ActiveCfg = Debug|Any CPU
		{914784AB-AA3D-4427-A97D-0408415DDA6F}.Debug|Any CPU.Build.0 = Debug|Any CPU
		{914784AB-AA3D-4427-A97D-0408415DDA6F}.Release|Any CPU.ActiveCfg = Release|Any CPU
		{914784AB-AA3D-4427-A97D-0408415DDA6F}.Release|Any CPU.Build.0 = Release|Any CPU
		{4F70EE40-BF4B-4556-B5DB-27253CA9656F}.Debug|Any CPU.ActiveCfg = Debug|Any CPU
		{4F70EE40-BF4B-4556-B5DB-27253CA9656F}.Debug|Any CPU.Build.0 = Debug|Any CPU
		{4F70EE40-BF4B-4556-B5DB-27253CA9656F}.Release|Any CPU.ActiveCfg = Release|Any CPU
		{4F70EE40-BF4B-4556-B5DB-27253CA9656F}.Release|Any CPU.Build.0 = Release|Any CPU
		{2DB9DDC5-A256-4BEE-A1BB-328D79532F60}.Debug|Any CPU.ActiveCfg = Debug|Any CPU
		{2DB9DDC5-A256-4BEE-A1BB-328D79532F60}.Debug|Any CPU.Build.0 = Debug|Any CPU
		{2DB9DDC5-A256-4BEE-A1BB-328D79532F60}.Release|Any CPU.ActiveCfg = Release|Any CPU
		{2DB9DDC5-A256-4BEE-A1BB-328D79532F60}.Release|Any CPU.Build.0 = Release|Any CPU
		{0E44003D-3BF6-4384-AB7B-BA5E77AABF08}.Debug|Any CPU.ActiveCfg = Debug|Any CPU
		{0E44003D-3BF6-4384-AB7B-BA5E77AABF08}.Debug|Any CPU.Build.0 = Debug|Any CPU
		{0E44003D-3BF6-4384-AB7B-BA5E77AABF08}.Release|Any CPU.ActiveCfg = Release|Any CPU
		{0E44003D-3BF6-4384-AB7B-BA5E77AABF08}.Release|Any CPU.Build.0 = Release|Any CPU
		{447B653A-C126-4B65-8560-36A8A376A9C0}.Debug|Any CPU.ActiveCfg = Debug|Any CPU
		{447B653A-C126-4B65-8560-36A8A376A9C0}.Debug|Any CPU.Build.0 = Debug|Any CPU
		{447B653A-C126-4B65-8560-36A8A376A9C0}.Release|Any CPU.ActiveCfg = Release|Any CPU
		{447B653A-C126-4B65-8560-36A8A376A9C0}.Release|Any CPU.Build.0 = Release|Any CPU
		{C35F34CA-C28A-4CF1-8CA0-65281D3EB6D5}.Debug|Any CPU.ActiveCfg = Debug|Any CPU
		{C35F34CA-C28A-4CF1-8CA0-65281D3EB6D5}.Debug|Any CPU.Build.0 = Debug|Any CPU
		{C35F34CA-C28A-4CF1-8CA0-65281D3EB6D5}.Release|Any CPU.ActiveCfg = Release|Any CPU
		{C35F34CA-C28A-4CF1-8CA0-65281D3EB6D5}.Release|Any CPU.Build.0 = Release|Any CPU
		{D77866D1-8025-4DBE-BCD2-68873DB424B9}.Debug|Any CPU.ActiveCfg = Debug|Any CPU
		{D77866D1-8025-4DBE-BCD2-68873DB424B9}.Debug|Any CPU.Build.0 = Debug|Any CPU
		{D77866D1-8025-4DBE-BCD2-68873DB424B9}.Release|Any CPU.ActiveCfg = Release|Any CPU
		{D77866D1-8025-4DBE-BCD2-68873DB424B9}.Release|Any CPU.Build.0 = Release|Any CPU
		{4E7069B1-2178-4A99-96E9-FE2F121EF3DA}.Debug|Any CPU.ActiveCfg = Debug|Any CPU
		{4E7069B1-2178-4A99-96E9-FE2F121EF3DA}.Debug|Any CPU.Build.0 = Debug|Any CPU
		{4E7069B1-2178-4A99-96E9-FE2F121EF3DA}.Release|Any CPU.ActiveCfg = Release|Any CPU
		{4E7069B1-2178-4A99-96E9-FE2F121EF3DA}.Release|Any CPU.Build.0 = Release|Any CPU
		{1B92E077-B795-4BBB-B403-30443E60ACAD}.Debug|Any CPU.ActiveCfg = Debug|Any CPU
		{1B92E077-B795-4BBB-B403-30443E60ACAD}.Debug|Any CPU.Build.0 = Debug|Any CPU
		{1B92E077-B795-4BBB-B403-30443E60ACAD}.Release|Any CPU.ActiveCfg = Release|Any CPU
		{1B92E077-B795-4BBB-B403-30443E60ACAD}.Release|Any CPU.Build.0 = Release|Any CPU
		{22AA25A8-9903-4434-85AB-B2DA2F270813}.Debug|Any CPU.ActiveCfg = Debug|Any CPU
		{22AA25A8-9903-4434-85AB-B2DA2F270813}.Debug|Any CPU.Build.0 = Debug|Any CPU
		{22AA25A8-9903-4434-85AB-B2DA2F270813}.Release|Any CPU.ActiveCfg = Release|Any CPU
		{22AA25A8-9903-4434-85AB-B2DA2F270813}.Release|Any CPU.Build.0 = Release|Any CPU
		{4C0DE97D-BED8-4137-9681-C9ADDD6614A7}.Debug|Any CPU.ActiveCfg = Debug|Any CPU
		{4C0DE97D-BED8-4137-9681-C9ADDD6614A7}.Debug|Any CPU.Build.0 = Debug|Any CPU
		{4C0DE97D-BED8-4137-9681-C9ADDD6614A7}.Release|Any CPU.ActiveCfg = Release|Any CPU
		{4C0DE97D-BED8-4137-9681-C9ADDD6614A7}.Release|Any CPU.Build.0 = Release|Any CPU
		{0D3A5165-9A8C-4F4A-B1AA-6A86DF05A07A}.Debug|Any CPU.ActiveCfg = Debug|Any CPU
		{0D3A5165-9A8C-4F4A-B1AA-6A86DF05A07A}.Debug|Any CPU.Build.0 = Debug|Any CPU
		{0D3A5165-9A8C-4F4A-B1AA-6A86DF05A07A}.Release|Any CPU.ActiveCfg = Release|Any CPU
		{0D3A5165-9A8C-4F4A-B1AA-6A86DF05A07A}.Release|Any CPU.Build.0 = Release|Any CPU
		{66587378-80EF-40F6-81B0-6E9D5965FDDE}.Debug|Any CPU.ActiveCfg = Debug|Any CPU
		{66587378-80EF-40F6-81B0-6E9D5965FDDE}.Debug|Any CPU.Build.0 = Debug|Any CPU
		{66587378-80EF-40F6-81B0-6E9D5965FDDE}.Release|Any CPU.ActiveCfg = Release|Any CPU
		{66587378-80EF-40F6-81B0-6E9D5965FDDE}.Release|Any CPU.Build.0 = Release|Any CPU
		{34DF3276-0EC3-442A-931C-A60A39D376F8}.Debug|Any CPU.ActiveCfg = Debug|Any CPU
		{34DF3276-0EC3-442A-931C-A60A39D376F8}.Debug|Any CPU.Build.0 = Debug|Any CPU
		{34DF3276-0EC3-442A-931C-A60A39D376F8}.Release|Any CPU.ActiveCfg = Release|Any CPU
		{34DF3276-0EC3-442A-931C-A60A39D376F8}.Release|Any CPU.Build.0 = Release|Any CPU
		{20763D6D-288E-4E42-BEC6-F6F4F14C6339}.Debug|Any CPU.ActiveCfg = Debug|Any CPU
		{20763D6D-288E-4E42-BEC6-F6F4F14C6339}.Debug|Any CPU.Build.0 = Debug|Any CPU
		{20763D6D-288E-4E42-BEC6-F6F4F14C6339}.Release|Any CPU.ActiveCfg = Release|Any CPU
		{20763D6D-288E-4E42-BEC6-F6F4F14C6339}.Release|Any CPU.Build.0 = Release|Any CPU
		{94CB18DD-12EE-4292-9A45-573C2E55350A}.Debug|Any CPU.ActiveCfg = Debug|Any CPU
		{94CB18DD-12EE-4292-9A45-573C2E55350A}.Debug|Any CPU.Build.0 = Debug|Any CPU
		{94CB18DD-12EE-4292-9A45-573C2E55350A}.Release|Any CPU.ActiveCfg = Release|Any CPU
		{94CB18DD-12EE-4292-9A45-573C2E55350A}.Release|Any CPU.Build.0 = Release|Any CPU
		{1745A85D-46E4-4BA4-9790-001ADAC804A1}.Debug|Any CPU.ActiveCfg = Debug|Any CPU
		{1745A85D-46E4-4BA4-9790-001ADAC804A1}.Debug|Any CPU.Build.0 = Debug|Any CPU
		{1745A85D-46E4-4BA4-9790-001ADAC804A1}.Release|Any CPU.ActiveCfg = Release|Any CPU
		{1745A85D-46E4-4BA4-9790-001ADAC804A1}.Release|Any CPU.Build.0 = Release|Any CPU
		{13B9F384-44D6-4078-971B-0AF4F9D994B9}.Debug|Any CPU.ActiveCfg = Debug|Any CPU
		{13B9F384-44D6-4078-971B-0AF4F9D994B9}.Debug|Any CPU.Build.0 = Debug|Any CPU
		{13B9F384-44D6-4078-971B-0AF4F9D994B9}.Release|Any CPU.ActiveCfg = Release|Any CPU
		{13B9F384-44D6-4078-971B-0AF4F9D994B9}.Release|Any CPU.Build.0 = Release|Any CPU
		{EF841F3D-C94A-4922-840A-F1590BAE78AB}.Debug|Any CPU.ActiveCfg = Debug|Any CPU
		{EF841F3D-C94A-4922-840A-F1590BAE78AB}.Debug|Any CPU.Build.0 = Debug|Any CPU
		{EF841F3D-C94A-4922-840A-F1590BAE78AB}.Release|Any CPU.ActiveCfg = Release|Any CPU
		{EF841F3D-C94A-4922-840A-F1590BAE78AB}.Release|Any CPU.Build.0 = Release|Any CPU
		{125C1E49-DFDC-48CA-95C9-6ED521DB25B2}.Debug|Any CPU.ActiveCfg = Debug|Any CPU
		{125C1E49-DFDC-48CA-95C9-6ED521DB25B2}.Debug|Any CPU.Build.0 = Debug|Any CPU
		{125C1E49-DFDC-48CA-95C9-6ED521DB25B2}.Release|Any CPU.ActiveCfg = Release|Any CPU
		{125C1E49-DFDC-48CA-95C9-6ED521DB25B2}.Release|Any CPU.Build.0 = Release|Any CPU
	EndGlobalSection
	GlobalSection(SolutionProperties) = preSolution
		HideSolutionNode = FALSE
	EndGlobalSection
	GlobalSection(NestedProjects) = preSolution
		{F543E006-C839-4F04-9DEF-593311F4E0F5} = {93818555-5534-4822-8DA5-99350D561D11}
		{914784AB-AA3D-4427-A97D-0408415DDA6F} = {93818555-5534-4822-8DA5-99350D561D11}
		{4F70EE40-BF4B-4556-B5DB-27253CA9656F} = {93818555-5534-4822-8DA5-99350D561D11}
		{2DB9DDC5-A256-4BEE-A1BB-328D79532F60} = {93818555-5534-4822-8DA5-99350D561D11}
		{0E44003D-3BF6-4384-AB7B-BA5E77AABF08} = {93818555-5534-4822-8DA5-99350D561D11}
		{447B653A-C126-4B65-8560-36A8A376A9C0} = {93818555-5534-4822-8DA5-99350D561D11}
		{C35F34CA-C28A-4CF1-8CA0-65281D3EB6D5} = {93818555-5534-4822-8DA5-99350D561D11}
		{D77866D1-8025-4DBE-BCD2-68873DB424B9} = {93818555-5534-4822-8DA5-99350D561D11}
		{4E7069B1-2178-4A99-96E9-FE2F121EF3DA} = {93818555-5534-4822-8DA5-99350D561D11}
		{1B92E077-B795-4BBB-B403-30443E60ACAD} = {93818555-5534-4822-8DA5-99350D561D11}
		{22AA25A8-9903-4434-85AB-B2DA2F270813} = {93818555-5534-4822-8DA5-99350D561D11}
		{4C0DE97D-BED8-4137-9681-C9ADDD6614A7} = {93818555-5534-4822-8DA5-99350D561D11}
		{0D3A5165-9A8C-4F4A-B1AA-6A86DF05A07A} = {93818555-5534-4822-8DA5-99350D561D11}
		{66587378-80EF-40F6-81B0-6E9D5965FDDE} = {93818555-5534-4822-8DA5-99350D561D11}
		{34DF3276-0EC3-442A-931C-A60A39D376F8} = {93818555-5534-4822-8DA5-99350D561D11}
		{20763D6D-288E-4E42-BEC6-F6F4F14C6339} = {93818555-5534-4822-8DA5-99350D561D11}
		{94CB18DD-12EE-4292-9A45-573C2E55350A} = {93818555-5534-4822-8DA5-99350D561D11}
		{1745A85D-46E4-4BA4-9790-001ADAC804A1} = {EB4E94A1-6186-4C1B-9FCF-6A6910DCBC74}
		{13B9F384-44D6-4078-971B-0AF4F9D994B9} = {93818555-5534-4822-8DA5-99350D561D11}
		{EF841F3D-C94A-4922-840A-F1590BAE78AB} = {93818555-5534-4822-8DA5-99350D561D11}
		{125C1E49-DFDC-48CA-95C9-6ED521DB25B2} = {93818555-5534-4822-8DA5-99350D561D11}
	EndGlobalSection
	GlobalSection(ExtensibilityGlobals) = postSolution
		SolutionGuid = {0AFBD862-35E5-4C8E-AD66-EF2326406803}
	EndGlobalSection
EndGlobal
