
Microsoft Visual Studio Solution File, Format Version 12.00
# Visual Studio 15
VisualStudioVersion = 15.0.27130.2027
MinimumVisualStudioVersion = 10.0.40219.1
Project("{2150E333-8FDC-42A3-9474-1A3956D46DE8}") = "Easy", "Easy", "{93818555-5534-4822-8DA5-99350D561D11}"
EndProject
Project("{FAE04EC0-301F-11D3-BF4B-00C04F79EFBC}") = "PalindromeNumber", "Easy\PalindromeNumber\PalindromeNumber.csproj", "{914784AB-AA3D-4427-A97D-0408415DDA6F}"
EndProject
Project("{FAE04EC0-301F-11D3-BF4B-00C04F79EFBC}") = "ReverseInteger", "Easy\ReverseInteger\ReverseInteger.csproj", "{4F70EE40-BF4B-4556-B5DB-27253CA9656F}"
EndProject
Project("{FAE04EC0-301F-11D3-BF4B-00C04F79EFBC}") = "RomanToInteger", "Easy\RomanToInteger\RomanToInteger.csproj", "{2DB9DDC5-A256-4BEE-A1BB-328D79532F60}"
EndProject
Project("{FAE04EC0-301F-11D3-BF4B-00C04F79EFBC}") = "TwoSum", "Easy\TwoSum\TwoSum.csproj", "{0E44003D-3BF6-4384-AB7B-BA5E77AABF08}"
EndProject
Project("{FAE04EC0-301F-11D3-BF4B-00C04F79EFBC}") = "MergeTwoSortedLists", "Easy\MergeTwoSortedLists\MergeTwoSortedLists\MergeTwoSortedLists.csproj", "{447B653A-C126-4B65-8560-36A8A376A9C0}"
EndProject
Project("{FAE04EC0-301F-11D3-BF4B-00C04F79EFBC}") = "RemoveDuplicatesFromSortedArray", "Easy\RemoveDuplicatesFromSortedArray\RemoveDuplicatesFromSortedArray.csproj", "{C35F34CA-C28A-4CF1-8CA0-65281D3EB6D5}"
EndProject
Project("{FAE04EC0-301F-11D3-BF4B-00C04F79EFBC}") = "RemoveElement", "Easy\RemoveElement\RemoveElement.csproj", "{D77866D1-8025-4DBE-BCD2-68873DB424B9}"
EndProject
Project("{FAE04EC0-301F-11D3-BF4B-00C04F79EFBC}") = "ImplementstrStr", "Easy\ImplementstrStr\ImplementstrStr.csproj", "{4E7069B1-2178-4A99-96E9-FE2F121EF3DA}"
EndProject
Project("{FAE04EC0-301F-11D3-BF4B-00C04F79EFBC}") = "LongestCommonPrefix", "Easy\LongestCommonPrefix\LongestCommonPrefix.csproj", "{1B92E077-B795-4BBB-B403-30443E60ACAD}"
EndProject
Project("{FAE04EC0-301F-11D3-BF4B-00C04F79EFBC}") = "SearchInsertPosition", "Easy\SearchInsertPosition\SearchInsertPosition.csproj", "{22AA25A8-9903-4434-85AB-B2DA2F270813}"
EndProject
Project("{FAE04EC0-301F-11D3-BF4B-00C04F79EFBC}") = "ValidParentheses", "Easy\ValidParentheses\ValidParentheses.csproj", "{4C0DE97D-BED8-4137-9681-C9ADDD6614A7}"
EndProject
Project("{FAE04EC0-301F-11D3-BF4B-00C04F79EFBC}") = "MaximumSubarray", "Easy\MaximumSubarray\MaximumSubarray.csproj", "{0D3A5165-9A8C-4F4A-B1AA-6A86DF05A07A}"
EndProject
Project("{FAE04EC0-301F-11D3-BF4B-00C04F79EFBC}") = "BestTimeToBuyAndSellStock", "Easy\BestTimeToBuyAndSellStock\BestTimeToBuyAndSellStock.csproj", "{66587378-80EF-40F6-81B0-6E9D5965FDDE}"
EndProject
Project("{FAE04EC0-301F-11D3-BF4B-00C04F79EFBC}") = "LengthOfLastWord", "Easy\LengthOfLastWord\LengthOfLastWord.csproj", "{34DF3276-0EC3-442A-931C-A60A39D376F8}"
EndProject
Project("{FAE04EC0-301F-11D3-BF4B-00C04F79EFBC}") = "PlusOne", "Easy\PlusOne\PlusOne.csproj", "{20763D6D-288E-4E42-BEC6-F6F4F14C6339}"
EndProject
Project("{FAE04EC0-301F-11D3-BF4B-00C04F79EFBC}") = "AddBinary", "Easy\AddBinary\AddBinary.csproj", "{94CB18DD-12EE-4292-9A45-573C2E55350A}"
EndProject
Project("{2150E333-8FDC-42A3-9474-1A3956D46DE8}") = "Medium", "Medium", "{EB4E94A1-6186-4C1B-9FCF-6A6910DCBC74}"
EndProject
Project("{FAE04EC0-301F-11D3-BF4B-00C04F79EFBC}") = "AddTwoNumbers", "Medium\AddTwoNumbers\AddTwoNumbers.csproj", "{1745A85D-46E4-4BA4-9790-001ADAC804A1}"
EndProject
Project("{FAE04EC0-301F-11D3-BF4B-00C04F79EFBC}") = "ClimbingStairs", "Easy\ClimbingStairs\ClimbingStairs.csproj", "{13B9F384-44D6-4078-971B-0AF4F9D994B9}"
EndProject
Project("{FAE04EC0-301F-11D3-BF4B-00C04F79EFBC}") = "RemoveDuplicatesFromSortedList", "Easy\RemoveDuplicatesFromSortedList\RemoveDuplicatesFromSortedList.csproj", "{EF841F3D-C94A-4922-840A-F1590BAE78AB}"
EndProject
Project("{FAE04EC0-301F-11D3-BF4B-00C04F79EFBC}") = "MergeSortedArray", "Easy\MergeSortedArray\MergeSortedArray.csproj", "{125C1E49-DFDC-48CA-95C9-6ED521DB25B2}"
EndProject
Project("{FAE04EC0-301F-11D3-BF4B-00C04F79EFBC}") = "ValidPalindrome", "Easy\ValidPalindrome\ValidPalindrome.csproj", "{38433751-E88E-42CA-94FA-D4D302C4334F}"
EndProject
Project("{FAE04EC0-301F-11D3-BF4B-00C04F79EFBC}") = "SingleNumber", "Easy\SingleNumber\SingleNumber.csproj", "{19FD3A31-3960-49BD-9033-0A5D857FBFC4}"
EndProject
Project("{FAE04EC0-301F-11D3-BF4B-00C04F79EFBC}") = "PascalsTriangle", "Easy\PascalsTriangle\PascalsTriangle.csproj", "{58EF450E-1B92-4291-B235-D25D99BBFB34}"
EndProject
Project("{FAE04EC0-301F-11D3-BF4B-00C04F79EFBC}") = "PascalsTriangleII", "Easy\PascalsTriangleII\PascalsTriangleII.csproj", "{C1656723-DB10-4BCA-B6B0-88D1D5E42289}"
EndProject
Project("{FAE04EC0-301F-11D3-BF4B-00C04F79EFBC}") = "CountAndSay", "Easy\CountAndSay\CountAndSay.csproj", "{91B5FC76-5C02-49B2-A7BE-22978C236D5B}"
EndProject
Project("{FAE04EC0-301F-11D3-BF4B-00C04F79EFBC}") = "LinkedListCycle", "Easy\LinkedListCycle\LinkedListCycle.csproj", "{76A140D3-FA71-4771-BAE7-70F4EEFF93EB}"
EndProject
Project("{FAE04EC0-301F-11D3-BF4B-00C04F79EFBC}") = "MinStack", "Easy\MinStack\MinStack.csproj", "{A2BEF80A-E07C-4CDF-9D67-FC8654A60EB9}"
EndProject
Project("{FAE04EC0-301F-11D3-BF4B-00C04F79EFBC}") = "RotateArray", "Easy\RotateArray\RotateArray.csproj", "{FAE95D94-2913-4CC1-94DF-A947C6058599}"
EndProject
Project("{FAE04EC0-301F-11D3-BF4B-00C04F79EFBC}") = "StringToInteger", "Medium\StringToInteger\StringToInteger.csproj", "{3E7D894B-141B-4F7B-B6E0-A11B9EB3397A}"
EndProject
Project("{FAE04EC0-301F-11D3-BF4B-00C04F79EFBC}") = "IntersectionOfTwoLinkedLists", "Easy\IntersectionOfTwoLinkedLists\IntersectionOfTwoLinkedLists.csproj", "{BCA10D74-C370-443B-9064-BFB49D07DA1F}"
EndProject
Project("{FAE04EC0-301F-11D3-BF4B-00C04F79EFBC}") = "CommonClasses", "CommonClasses\CommonClasses.csproj", "{4898A59D-3449-4453-A3DF-FD50B723E39D}"
EndProject
Project("{FAE04EC0-301F-11D3-BF4B-00C04F79EFBC}") = "ReverseBits", "Easy\ReverseBits\ReverseBits.csproj", "{C54F5515-8820-410B-B26F-BD64E68ADB78}"
EndProject
Project("{FAE04EC0-301F-11D3-BF4B-00C04F79EFBC}") = "BestTimeToBuyAndSellStockII", "Easy\BestTimeToBuyAndSellStockII\BestTimeToBuyAndSellStockII.csproj", "{5FCE02D5-A2F9-412E-B8A9-05F35FB903E1}"
EndProject
Project("{FAE04EC0-301F-11D3-BF4B-00C04F79EFBC}") = "Sqrt(x)", "Easy\Sqrt(x)\Sqrt(x).csproj", "{630630B0-CBD9-4CF5-ACC5-B26B250188CA}"
EndProject
Project("{FAE04EC0-301F-11D3-BF4B-00C04F79EFBC}") = "TwoSumII", "Easy\TwoSumII\TwoSumII.csproj", "{68823865-3543-4B17-BACB-BAF387311AAD}"
EndProject
Project("{FAE04EC0-301F-11D3-BF4B-00C04F79EFBC}") = "ExcelSheetColumnTitle", "Easy\ExcelSheetColumnTitle\ExcelSheetColumnTitle.csproj", "{437126BA-6AE7-4B83-8594-16F926A68AED}"
EndProject
Project("{FAE04EC0-301F-11D3-BF4B-00C04F79EFBC}") = "ExcelSheetColumnNumber", "Easy\ExcelSheetColumnNumber\ExcelSheetColumnNumber.csproj", "{0D1A3E03-F38D-44AE-8145-62A7A6740D1F}"
EndProject
Project("{FAE04EC0-301F-11D3-BF4B-00C04F79EFBC}") = "PathSum", "Easy\PathSum\PathSum.csproj", "{D3A2CA37-9B80-4712-A126-799FCDAAD31E}"
EndProject
Project("{FAE04EC0-301F-11D3-BF4B-00C04F79EFBC}") = "MajorityElement", "Easy\MajorityElement\MajorityElement.csproj", "{4DA4DEA0-E47E-4416-9E8D-D55FEAD2DE26}"
EndProject
Project("{FAE04EC0-301F-11D3-BF4B-00C04F79EFBC}") = "NumberOf1Bits", "Easy\NumberOf1Bits\NumberOf1Bits.csproj", "{A4825B45-12D3-4134-9832-43D5FF8E8BCD}"
EndProject
Project("{FAE04EC0-301F-11D3-BF4B-00C04F79EFBC}") = "HouseRobber", "Easy\HouseRobber\HouseRobber.csproj", "{CFE5A1AE-2845-4979-AD38-119E9404EB84}"
EndProject
Project("{FAE04EC0-301F-11D3-BF4B-00C04F79EFBC}") = "HappyNumber", "Easy\HappyNumber\HappyNumber.csproj", "{A4F6DDBB-A6AD-44E4-BCC3-5ACA08E627BE}"
EndProject
Project("{FAE04EC0-301F-11D3-BF4B-00C04F79EFBC}") = "RemoveLinkedListElements", "Easy\RemoveLinkedListElements\RemoveLinkedListElements.csproj", "{ABDA5220-D264-4995-B1CC-A36CB6711EF7}"
EndProject
Project("{FAE04EC0-301F-11D3-BF4B-00C04F79EFBC}") = "CountPrimes", "Easy\CountPrimes\CountPrimes.csproj", "{376BD5FF-CE5C-4FFB-A4D3-CE5D0ABA8A1E}"
EndProject
Project("{FAE04EC0-301F-11D3-BF4B-00C04F79EFBC}") = "IsomorphicStrings", "Easy\IsomorphicStrings\IsomorphicStrings.csproj", "{D3912775-E65F-478B-8526-9C0CE1CC3A9B}"
EndProject
Project("{FAE04EC0-301F-11D3-BF4B-00C04F79EFBC}") = "JewelsAndStones", "Easy\JewelsAndStones\JewelsAndStones\JewelsAndStones.csproj", "{3D0B0EB2-86C0-4A97-9AE2-DD90285595A0}"
EndProject
Project("{FAE04EC0-301F-11D3-BF4B-00C04F79EFBC}") = "ReverseLinkedList", "Easy\ReverseLinkedList\ReverseLinkedList.csproj", "{DD9AC6DA-1118-4EE6-A48A-80566D6AA17B}"
EndProject
Project("{FAE04EC0-301F-11D3-BF4B-00C04F79EFBC}") = "ContainsDuplicate", "Easy\ContainsDuplicate\ContainsDuplicate.csproj", "{74B8CDFE-6541-4E47-9EC2-5D46C561AAB4}"
EndProject
Project("{FAE04EC0-301F-11D3-BF4B-00C04F79EFBC}") = "ImplementStackUsingQueues", "Easy\ImplementStackUsingQueues\ImplementStackUsingQueues.csproj", "{505A746B-2AF6-4756-8374-ECB08936EBFF}"
EndProject
Project("{FAE04EC0-301F-11D3-BF4B-00C04F79EFBC}") = "InvertBinaryTree", "Easy\InvertBinaryTree\InvertBinaryTree.csproj", "{F2162DC8-B06B-4B3B-958F-25F0396E2225}"
EndProject
Project("{FAE04EC0-301F-11D3-BF4B-00C04F79EFBC}") = "PowerOfTwo", "Easy\PowerOfTwo\PowerOfTwo.csproj", "{2D48645E-EE83-49C6-9D91-C10240BE2E6A}"
EndProject
Project("{FAE04EC0-301F-11D3-BF4B-00C04F79EFBC}") = "ImplementQueueUsingStacks", "Easy\ImplementQueueUsingStacks\ImplementQueueUsingStacks.csproj", "{8F94BEA0-4CDB-45F4-8950-7692D30AA789}"
EndProject
Project("{FAE04EC0-301F-11D3-BF4B-00C04F79EFBC}") = "DeleteNodeInALinkedList", "Easy\DeleteNodeInALinkedList\DeleteNodeInALinkedList.csproj", "{87EF35BC-211F-494D-9249-454FF809CBCC}"
EndProject
Project("{FAE04EC0-301F-11D3-BF4B-00C04F79EFBC}") = "ValidAnagram", "Easy\ValidAnagram\ValidAnagram.csproj", "{C64BA572-E30C-449D-8DF7-33DAE30D004A}"
EndProject
Project("{FAE04EC0-301F-11D3-BF4B-00C04F79EFBC}") = "BinaryTreePaths", "Easy\BinaryTreePaths\BinaryTreePaths.csproj", "{C62A15E9-3AB6-4244-8D1C-648649F39298}"
EndProject
Project("{FAE04EC0-301F-11D3-BF4B-00C04F79EFBC}") = "AddDigits", "Easy\AddDigits\AddDigits.csproj", "{FE2E86A8-9956-4AE9-85C4-8FA25F51FF05}"
EndProject
Project("{FAE04EC0-301F-11D3-BF4B-00C04F79EFBC}") = "UglyNumber", "Easy\UglyNumber\UglyNumber.csproj", "{F3EBCDAF-005C-4429-8F3A-F6B8CF103BB8}"
EndProject
Project("{FAE04EC0-301F-11D3-BF4B-00C04F79EFBC}") = "MissingNumber", "Easy\MissingNumber\MissingNumber.csproj", "{C368D1E5-E700-43A6-96B2-FE8A7D61205F}"
EndProject
Project("{FAE04EC0-301F-11D3-BF4B-00C04F79EFBC}") = "FirstBadVersion", "Easy\FirstBadVersion\FirstBadVersion.csproj", "{16B4F251-9558-467D-99FA-891D733914FB}"
EndProject
Project("{FAE04EC0-301F-11D3-BF4B-00C04F79EFBC}") = "MoveZeroes", "Easy\MoveZeroes\MoveZeroes.csproj", "{C2FAD9B5-DF38-4243-A68A-AA66BC1D0AF3}"
EndProject
Project("{FAE04EC0-301F-11D3-BF4B-00C04F79EFBC}") = "WordPattern", "Easy\WordPattern\WordPattern.csproj", "{01B2E21E-6D54-4E08-89C9-C80A85CA3544}"
EndProject
Project("{FAE04EC0-301F-11D3-BF4B-00C04F79EFBC}") = "SameTree", "Easy\SameTree\SameTree.csproj", "{D7ADF583-D929-4F36-B746-C8B4C443E223}"
EndProject
Global
	GlobalSection(SolutionConfigurationPlatforms) = preSolution
		Debug|Any CPU = Debug|Any CPU
		Release|Any CPU = Release|Any CPU
	EndGlobalSection
	GlobalSection(ProjectConfigurationPlatforms) = postSolution
		{914784AB-AA3D-4427-A97D-0408415DDA6F}.Debug|Any CPU.ActiveCfg = Debug|Any CPU
		{914784AB-AA3D-4427-A97D-0408415DDA6F}.Debug|Any CPU.Build.0 = Debug|Any CPU
		{914784AB-AA3D-4427-A97D-0408415DDA6F}.Release|Any CPU.ActiveCfg = Release|Any CPU
		{914784AB-AA3D-4427-A97D-0408415DDA6F}.Release|Any CPU.Build.0 = Release|Any CPU
		{4F70EE40-BF4B-4556-B5DB-27253CA9656F}.Debug|Any CPU.ActiveCfg = Debug|Any CPU
		{4F70EE40-BF4B-4556-B5DB-27253CA9656F}.Debug|Any CPU.Build.0 = Debug|Any CPU
		{4F70EE40-BF4B-4556-B5DB-27253CA9656F}.Release|Any CPU.ActiveCfg = Release|Any CPU
		{4F70EE40-BF4B-4556-B5DB-27253CA9656F}.Release|Any CPU.Build.0 = Release|Any CPU
		{2DB9DDC5-A256-4BEE-A1BB-328D79532F60}.Debug|Any CPU.ActiveCfg = Debug|Any CPU
		{2DB9DDC5-A256-4BEE-A1BB-328D79532F60}.Debug|Any CPU.Build.0 = Debug|Any CPU
		{2DB9DDC5-A256-4BEE-A1BB-328D79532F60}.Release|Any CPU.ActiveCfg = Release|Any CPU
		{2DB9DDC5-A256-4BEE-A1BB-328D79532F60}.Release|Any CPU.Build.0 = Release|Any CPU
		{0E44003D-3BF6-4384-AB7B-BA5E77AABF08}.Debug|Any CPU.ActiveCfg = Debug|Any CPU
		{0E44003D-3BF6-4384-AB7B-BA5E77AABF08}.Debug|Any CPU.Build.0 = Debug|Any CPU
		{0E44003D-3BF6-4384-AB7B-BA5E77AABF08}.Release|Any CPU.ActiveCfg = Release|Any CPU
		{0E44003D-3BF6-4384-AB7B-BA5E77AABF08}.Release|Any CPU.Build.0 = Release|Any CPU
		{447B653A-C126-4B65-8560-36A8A376A9C0}.Debug|Any CPU.ActiveCfg = Debug|Any CPU
		{447B653A-C126-4B65-8560-36A8A376A9C0}.Debug|Any CPU.Build.0 = Debug|Any CPU
		{447B653A-C126-4B65-8560-36A8A376A9C0}.Release|Any CPU.ActiveCfg = Release|Any CPU
		{447B653A-C126-4B65-8560-36A8A376A9C0}.Release|Any CPU.Build.0 = Release|Any CPU
		{C35F34CA-C28A-4CF1-8CA0-65281D3EB6D5}.Debug|Any CPU.ActiveCfg = Debug|Any CPU
		{C35F34CA-C28A-4CF1-8CA0-65281D3EB6D5}.Debug|Any CPU.Build.0 = Debug|Any CPU
		{C35F34CA-C28A-4CF1-8CA0-65281D3EB6D5}.Release|Any CPU.ActiveCfg = Release|Any CPU
		{C35F34CA-C28A-4CF1-8CA0-65281D3EB6D5}.Release|Any CPU.Build.0 = Release|Any CPU
		{D77866D1-8025-4DBE-BCD2-68873DB424B9}.Debug|Any CPU.ActiveCfg = Debug|Any CPU
		{D77866D1-8025-4DBE-BCD2-68873DB424B9}.Debug|Any CPU.Build.0 = Debug|Any CPU
		{D77866D1-8025-4DBE-BCD2-68873DB424B9}.Release|Any CPU.ActiveCfg = Release|Any CPU
		{D77866D1-8025-4DBE-BCD2-68873DB424B9}.Release|Any CPU.Build.0 = Release|Any CPU
		{4E7069B1-2178-4A99-96E9-FE2F121EF3DA}.Debug|Any CPU.ActiveCfg = Debug|Any CPU
		{4E7069B1-2178-4A99-96E9-FE2F121EF3DA}.Debug|Any CPU.Build.0 = Debug|Any CPU
		{4E7069B1-2178-4A99-96E9-FE2F121EF3DA}.Release|Any CPU.ActiveCfg = Release|Any CPU
		{4E7069B1-2178-4A99-96E9-FE2F121EF3DA}.Release|Any CPU.Build.0 = Release|Any CPU
		{1B92E077-B795-4BBB-B403-30443E60ACAD}.Debug|Any CPU.ActiveCfg = Debug|Any CPU
		{1B92E077-B795-4BBB-B403-30443E60ACAD}.Debug|Any CPU.Build.0 = Debug|Any CPU
		{1B92E077-B795-4BBB-B403-30443E60ACAD}.Release|Any CPU.ActiveCfg = Release|Any CPU
		{1B92E077-B795-4BBB-B403-30443E60ACAD}.Release|Any CPU.Build.0 = Release|Any CPU
		{22AA25A8-9903-4434-85AB-B2DA2F270813}.Debug|Any CPU.ActiveCfg = Debug|Any CPU
		{22AA25A8-9903-4434-85AB-B2DA2F270813}.Debug|Any CPU.Build.0 = Debug|Any CPU
		{22AA25A8-9903-4434-85AB-B2DA2F270813}.Release|Any CPU.ActiveCfg = Release|Any CPU
		{22AA25A8-9903-4434-85AB-B2DA2F270813}.Release|Any CPU.Build.0 = Release|Any CPU
		{4C0DE97D-BED8-4137-9681-C9ADDD6614A7}.Debug|Any CPU.ActiveCfg = Debug|Any CPU
		{4C0DE97D-BED8-4137-9681-C9ADDD6614A7}.Debug|Any CPU.Build.0 = Debug|Any CPU
		{4C0DE97D-BED8-4137-9681-C9ADDD6614A7}.Release|Any CPU.ActiveCfg = Release|Any CPU
		{4C0DE97D-BED8-4137-9681-C9ADDD6614A7}.Release|Any CPU.Build.0 = Release|Any CPU
		{0D3A5165-9A8C-4F4A-B1AA-6A86DF05A07A}.Debug|Any CPU.ActiveCfg = Debug|Any CPU
		{0D3A5165-9A8C-4F4A-B1AA-6A86DF05A07A}.Debug|Any CPU.Build.0 = Debug|Any CPU
		{0D3A5165-9A8C-4F4A-B1AA-6A86DF05A07A}.Release|Any CPU.ActiveCfg = Release|Any CPU
		{0D3A5165-9A8C-4F4A-B1AA-6A86DF05A07A}.Release|Any CPU.Build.0 = Release|Any CPU
		{66587378-80EF-40F6-81B0-6E9D5965FDDE}.Debug|Any CPU.ActiveCfg = Debug|Any CPU
		{66587378-80EF-40F6-81B0-6E9D5965FDDE}.Debug|Any CPU.Build.0 = Debug|Any CPU
		{66587378-80EF-40F6-81B0-6E9D5965FDDE}.Release|Any CPU.ActiveCfg = Release|Any CPU
		{66587378-80EF-40F6-81B0-6E9D5965FDDE}.Release|Any CPU.Build.0 = Release|Any CPU
		{34DF3276-0EC3-442A-931C-A60A39D376F8}.Debug|Any CPU.ActiveCfg = Debug|Any CPU
		{34DF3276-0EC3-442A-931C-A60A39D376F8}.Debug|Any CPU.Build.0 = Debug|Any CPU
		{34DF3276-0EC3-442A-931C-A60A39D376F8}.Release|Any CPU.ActiveCfg = Release|Any CPU
		{34DF3276-0EC3-442A-931C-A60A39D376F8}.Release|Any CPU.Build.0 = Release|Any CPU
		{20763D6D-288E-4E42-BEC6-F6F4F14C6339}.Debug|Any CPU.ActiveCfg = Debug|Any CPU
		{20763D6D-288E-4E42-BEC6-F6F4F14C6339}.Debug|Any CPU.Build.0 = Debug|Any CPU
		{20763D6D-288E-4E42-BEC6-F6F4F14C6339}.Release|Any CPU.ActiveCfg = Release|Any CPU
		{20763D6D-288E-4E42-BEC6-F6F4F14C6339}.Release|Any CPU.Build.0 = Release|Any CPU
		{94CB18DD-12EE-4292-9A45-573C2E55350A}.Debug|Any CPU.ActiveCfg = Debug|Any CPU
		{94CB18DD-12EE-4292-9A45-573C2E55350A}.Debug|Any CPU.Build.0 = Debug|Any CPU
		{94CB18DD-12EE-4292-9A45-573C2E55350A}.Release|Any CPU.ActiveCfg = Release|Any CPU
		{94CB18DD-12EE-4292-9A45-573C2E55350A}.Release|Any CPU.Build.0 = Release|Any CPU
		{1745A85D-46E4-4BA4-9790-001ADAC804A1}.Debug|Any CPU.ActiveCfg = Debug|Any CPU
		{1745A85D-46E4-4BA4-9790-001ADAC804A1}.Debug|Any CPU.Build.0 = Debug|Any CPU
		{1745A85D-46E4-4BA4-9790-001ADAC804A1}.Release|Any CPU.ActiveCfg = Release|Any CPU
		{1745A85D-46E4-4BA4-9790-001ADAC804A1}.Release|Any CPU.Build.0 = Release|Any CPU
		{13B9F384-44D6-4078-971B-0AF4F9D994B9}.Debug|Any CPU.ActiveCfg = Debug|Any CPU
		{13B9F384-44D6-4078-971B-0AF4F9D994B9}.Debug|Any CPU.Build.0 = Debug|Any CPU
		{13B9F384-44D6-4078-971B-0AF4F9D994B9}.Release|Any CPU.ActiveCfg = Release|Any CPU
		{13B9F384-44D6-4078-971B-0AF4F9D994B9}.Release|Any CPU.Build.0 = Release|Any CPU
		{EF841F3D-C94A-4922-840A-F1590BAE78AB}.Debug|Any CPU.ActiveCfg = Debug|Any CPU
		{EF841F3D-C94A-4922-840A-F1590BAE78AB}.Debug|Any CPU.Build.0 = Debug|Any CPU
		{EF841F3D-C94A-4922-840A-F1590BAE78AB}.Release|Any CPU.ActiveCfg = Release|Any CPU
		{EF841F3D-C94A-4922-840A-F1590BAE78AB}.Release|Any CPU.Build.0 = Release|Any CPU
		{125C1E49-DFDC-48CA-95C9-6ED521DB25B2}.Debug|Any CPU.ActiveCfg = Debug|Any CPU
		{125C1E49-DFDC-48CA-95C9-6ED521DB25B2}.Debug|Any CPU.Build.0 = Debug|Any CPU
		{125C1E49-DFDC-48CA-95C9-6ED521DB25B2}.Release|Any CPU.ActiveCfg = Release|Any CPU
		{125C1E49-DFDC-48CA-95C9-6ED521DB25B2}.Release|Any CPU.Build.0 = Release|Any CPU
		{38433751-E88E-42CA-94FA-D4D302C4334F}.Debug|Any CPU.ActiveCfg = Debug|Any CPU
		{38433751-E88E-42CA-94FA-D4D302C4334F}.Debug|Any CPU.Build.0 = Debug|Any CPU
		{38433751-E88E-42CA-94FA-D4D302C4334F}.Release|Any CPU.ActiveCfg = Release|Any CPU
		{38433751-E88E-42CA-94FA-D4D302C4334F}.Release|Any CPU.Build.0 = Release|Any CPU
		{19FD3A31-3960-49BD-9033-0A5D857FBFC4}.Debug|Any CPU.ActiveCfg = Debug|Any CPU
		{19FD3A31-3960-49BD-9033-0A5D857FBFC4}.Debug|Any CPU.Build.0 = Debug|Any CPU
		{19FD3A31-3960-49BD-9033-0A5D857FBFC4}.Release|Any CPU.ActiveCfg = Release|Any CPU
		{19FD3A31-3960-49BD-9033-0A5D857FBFC4}.Release|Any CPU.Build.0 = Release|Any CPU
		{58EF450E-1B92-4291-B235-D25D99BBFB34}.Debug|Any CPU.ActiveCfg = Debug|Any CPU
		{58EF450E-1B92-4291-B235-D25D99BBFB34}.Debug|Any CPU.Build.0 = Debug|Any CPU
		{58EF450E-1B92-4291-B235-D25D99BBFB34}.Release|Any CPU.ActiveCfg = Release|Any CPU
		{58EF450E-1B92-4291-B235-D25D99BBFB34}.Release|Any CPU.Build.0 = Release|Any CPU
		{C1656723-DB10-4BCA-B6B0-88D1D5E42289}.Debug|Any CPU.ActiveCfg = Debug|Any CPU
		{C1656723-DB10-4BCA-B6B0-88D1D5E42289}.Debug|Any CPU.Build.0 = Debug|Any CPU
		{C1656723-DB10-4BCA-B6B0-88D1D5E42289}.Release|Any CPU.ActiveCfg = Release|Any CPU
		{C1656723-DB10-4BCA-B6B0-88D1D5E42289}.Release|Any CPU.Build.0 = Release|Any CPU
		{91B5FC76-5C02-49B2-A7BE-22978C236D5B}.Debug|Any CPU.ActiveCfg = Debug|Any CPU
		{91B5FC76-5C02-49B2-A7BE-22978C236D5B}.Debug|Any CPU.Build.0 = Debug|Any CPU
		{91B5FC76-5C02-49B2-A7BE-22978C236D5B}.Release|Any CPU.ActiveCfg = Release|Any CPU
		{91B5FC76-5C02-49B2-A7BE-22978C236D5B}.Release|Any CPU.Build.0 = Release|Any CPU
		{76A140D3-FA71-4771-BAE7-70F4EEFF93EB}.Debug|Any CPU.ActiveCfg = Debug|Any CPU
		{76A140D3-FA71-4771-BAE7-70F4EEFF93EB}.Debug|Any CPU.Build.0 = Debug|Any CPU
		{76A140D3-FA71-4771-BAE7-70F4EEFF93EB}.Release|Any CPU.ActiveCfg = Release|Any CPU
		{76A140D3-FA71-4771-BAE7-70F4EEFF93EB}.Release|Any CPU.Build.0 = Release|Any CPU
		{A2BEF80A-E07C-4CDF-9D67-FC8654A60EB9}.Debug|Any CPU.ActiveCfg = Debug|Any CPU
		{A2BEF80A-E07C-4CDF-9D67-FC8654A60EB9}.Debug|Any CPU.Build.0 = Debug|Any CPU
		{A2BEF80A-E07C-4CDF-9D67-FC8654A60EB9}.Release|Any CPU.ActiveCfg = Release|Any CPU
		{A2BEF80A-E07C-4CDF-9D67-FC8654A60EB9}.Release|Any CPU.Build.0 = Release|Any CPU
		{FAE95D94-2913-4CC1-94DF-A947C6058599}.Debug|Any CPU.ActiveCfg = Debug|Any CPU
		{FAE95D94-2913-4CC1-94DF-A947C6058599}.Debug|Any CPU.Build.0 = Debug|Any CPU
		{FAE95D94-2913-4CC1-94DF-A947C6058599}.Release|Any CPU.ActiveCfg = Release|Any CPU
		{FAE95D94-2913-4CC1-94DF-A947C6058599}.Release|Any CPU.Build.0 = Release|Any CPU
		{3E7D894B-141B-4F7B-B6E0-A11B9EB3397A}.Debug|Any CPU.ActiveCfg = Debug|Any CPU
		{3E7D894B-141B-4F7B-B6E0-A11B9EB3397A}.Debug|Any CPU.Build.0 = Debug|Any CPU
		{3E7D894B-141B-4F7B-B6E0-A11B9EB3397A}.Release|Any CPU.ActiveCfg = Release|Any CPU
		{3E7D894B-141B-4F7B-B6E0-A11B9EB3397A}.Release|Any CPU.Build.0 = Release|Any CPU
		{BCA10D74-C370-443B-9064-BFB49D07DA1F}.Debug|Any CPU.ActiveCfg = Debug|Any CPU
		{BCA10D74-C370-443B-9064-BFB49D07DA1F}.Debug|Any CPU.Build.0 = Debug|Any CPU
		{BCA10D74-C370-443B-9064-BFB49D07DA1F}.Release|Any CPU.ActiveCfg = Release|Any CPU
		{BCA10D74-C370-443B-9064-BFB49D07DA1F}.Release|Any CPU.Build.0 = Release|Any CPU
		{4898A59D-3449-4453-A3DF-FD50B723E39D}.Debug|Any CPU.ActiveCfg = Debug|Any CPU
		{4898A59D-3449-4453-A3DF-FD50B723E39D}.Debug|Any CPU.Build.0 = Debug|Any CPU
		{4898A59D-3449-4453-A3DF-FD50B723E39D}.Release|Any CPU.ActiveCfg = Release|Any CPU
		{4898A59D-3449-4453-A3DF-FD50B723E39D}.Release|Any CPU.Build.0 = Release|Any CPU
		{C54F5515-8820-410B-B26F-BD64E68ADB78}.Debug|Any CPU.ActiveCfg = Debug|Any CPU
		{C54F5515-8820-410B-B26F-BD64E68ADB78}.Debug|Any CPU.Build.0 = Debug|Any CPU
		{C54F5515-8820-410B-B26F-BD64E68ADB78}.Release|Any CPU.ActiveCfg = Release|Any CPU
		{C54F5515-8820-410B-B26F-BD64E68ADB78}.Release|Any CPU.Build.0 = Release|Any CPU
		{5FCE02D5-A2F9-412E-B8A9-05F35FB903E1}.Debug|Any CPU.ActiveCfg = Debug|Any CPU
		{5FCE02D5-A2F9-412E-B8A9-05F35FB903E1}.Debug|Any CPU.Build.0 = Debug|Any CPU
		{5FCE02D5-A2F9-412E-B8A9-05F35FB903E1}.Release|Any CPU.ActiveCfg = Release|Any CPU
		{5FCE02D5-A2F9-412E-B8A9-05F35FB903E1}.Release|Any CPU.Build.0 = Release|Any CPU
		{630630B0-CBD9-4CF5-ACC5-B26B250188CA}.Debug|Any CPU.ActiveCfg = Debug|Any CPU
		{630630B0-CBD9-4CF5-ACC5-B26B250188CA}.Debug|Any CPU.Build.0 = Debug|Any CPU
		{630630B0-CBD9-4CF5-ACC5-B26B250188CA}.Release|Any CPU.ActiveCfg = Release|Any CPU
		{630630B0-CBD9-4CF5-ACC5-B26B250188CA}.Release|Any CPU.Build.0 = Release|Any CPU
		{68823865-3543-4B17-BACB-BAF387311AAD}.Debug|Any CPU.ActiveCfg = Debug|Any CPU
		{68823865-3543-4B17-BACB-BAF387311AAD}.Debug|Any CPU.Build.0 = Debug|Any CPU
		{68823865-3543-4B17-BACB-BAF387311AAD}.Release|Any CPU.ActiveCfg = Release|Any CPU
		{68823865-3543-4B17-BACB-BAF387311AAD}.Release|Any CPU.Build.0 = Release|Any CPU
		{437126BA-6AE7-4B83-8594-16F926A68AED}.Debug|Any CPU.ActiveCfg = Debug|Any CPU
		{437126BA-6AE7-4B83-8594-16F926A68AED}.Debug|Any CPU.Build.0 = Debug|Any CPU
		{437126BA-6AE7-4B83-8594-16F926A68AED}.Release|Any CPU.ActiveCfg = Release|Any CPU
		{437126BA-6AE7-4B83-8594-16F926A68AED}.Release|Any CPU.Build.0 = Release|Any CPU
		{0D1A3E03-F38D-44AE-8145-62A7A6740D1F}.Debug|Any CPU.ActiveCfg = Debug|Any CPU
		{0D1A3E03-F38D-44AE-8145-62A7A6740D1F}.Debug|Any CPU.Build.0 = Debug|Any CPU
		{0D1A3E03-F38D-44AE-8145-62A7A6740D1F}.Release|Any CPU.ActiveCfg = Release|Any CPU
		{0D1A3E03-F38D-44AE-8145-62A7A6740D1F}.Release|Any CPU.Build.0 = Release|Any CPU
		{D3A2CA37-9B80-4712-A126-799FCDAAD31E}.Debug|Any CPU.ActiveCfg = Debug|Any CPU
		{D3A2CA37-9B80-4712-A126-799FCDAAD31E}.Debug|Any CPU.Build.0 = Debug|Any CPU
		{D3A2CA37-9B80-4712-A126-799FCDAAD31E}.Release|Any CPU.ActiveCfg = Release|Any CPU
		{D3A2CA37-9B80-4712-A126-799FCDAAD31E}.Release|Any CPU.Build.0 = Release|Any CPU
		{4DA4DEA0-E47E-4416-9E8D-D55FEAD2DE26}.Debug|Any CPU.ActiveCfg = Debug|Any CPU
		{4DA4DEA0-E47E-4416-9E8D-D55FEAD2DE26}.Debug|Any CPU.Build.0 = Debug|Any CPU
		{4DA4DEA0-E47E-4416-9E8D-D55FEAD2DE26}.Release|Any CPU.ActiveCfg = Release|Any CPU
		{4DA4DEA0-E47E-4416-9E8D-D55FEAD2DE26}.Release|Any CPU.Build.0 = Release|Any CPU
		{A4825B45-12D3-4134-9832-43D5FF8E8BCD}.Debug|Any CPU.ActiveCfg = Debug|Any CPU
		{A4825B45-12D3-4134-9832-43D5FF8E8BCD}.Debug|Any CPU.Build.0 = Debug|Any CPU
		{A4825B45-12D3-4134-9832-43D5FF8E8BCD}.Release|Any CPU.ActiveCfg = Release|Any CPU
		{A4825B45-12D3-4134-9832-43D5FF8E8BCD}.Release|Any CPU.Build.0 = Release|Any CPU
		{CFE5A1AE-2845-4979-AD38-119E9404EB84}.Debug|Any CPU.ActiveCfg = Debug|Any CPU
		{CFE5A1AE-2845-4979-AD38-119E9404EB84}.Debug|Any CPU.Build.0 = Debug|Any CPU
		{CFE5A1AE-2845-4979-AD38-119E9404EB84}.Release|Any CPU.ActiveCfg = Release|Any CPU
		{CFE5A1AE-2845-4979-AD38-119E9404EB84}.Release|Any CPU.Build.0 = Release|Any CPU
		{A4F6DDBB-A6AD-44E4-BCC3-5ACA08E627BE}.Debug|Any CPU.ActiveCfg = Debug|Any CPU
		{A4F6DDBB-A6AD-44E4-BCC3-5ACA08E627BE}.Debug|Any CPU.Build.0 = Debug|Any CPU
		{A4F6DDBB-A6AD-44E4-BCC3-5ACA08E627BE}.Release|Any CPU.ActiveCfg = Release|Any CPU
		{A4F6DDBB-A6AD-44E4-BCC3-5ACA08E627BE}.Release|Any CPU.Build.0 = Release|Any CPU
		{ABDA5220-D264-4995-B1CC-A36CB6711EF7}.Debug|Any CPU.ActiveCfg = Debug|Any CPU
		{ABDA5220-D264-4995-B1CC-A36CB6711EF7}.Debug|Any CPU.Build.0 = Debug|Any CPU
		{ABDA5220-D264-4995-B1CC-A36CB6711EF7}.Release|Any CPU.ActiveCfg = Release|Any CPU
		{ABDA5220-D264-4995-B1CC-A36CB6711EF7}.Release|Any CPU.Build.0 = Release|Any CPU
		{376BD5FF-CE5C-4FFB-A4D3-CE5D0ABA8A1E}.Debug|Any CPU.ActiveCfg = Debug|Any CPU
		{376BD5FF-CE5C-4FFB-A4D3-CE5D0ABA8A1E}.Debug|Any CPU.Build.0 = Debug|Any CPU
		{376BD5FF-CE5C-4FFB-A4D3-CE5D0ABA8A1E}.Release|Any CPU.ActiveCfg = Release|Any CPU
		{376BD5FF-CE5C-4FFB-A4D3-CE5D0ABA8A1E}.Release|Any CPU.Build.0 = Release|Any CPU
		{D3912775-E65F-478B-8526-9C0CE1CC3A9B}.Debug|Any CPU.ActiveCfg = Debug|Any CPU
		{D3912775-E65F-478B-8526-9C0CE1CC3A9B}.Debug|Any CPU.Build.0 = Debug|Any CPU
		{D3912775-E65F-478B-8526-9C0CE1CC3A9B}.Release|Any CPU.ActiveCfg = Release|Any CPU
		{D3912775-E65F-478B-8526-9C0CE1CC3A9B}.Release|Any CPU.Build.0 = Release|Any CPU
		{3D0B0EB2-86C0-4A97-9AE2-DD90285595A0}.Debug|Any CPU.ActiveCfg = Debug|Any CPU
		{3D0B0EB2-86C0-4A97-9AE2-DD90285595A0}.Debug|Any CPU.Build.0 = Debug|Any CPU
		{3D0B0EB2-86C0-4A97-9AE2-DD90285595A0}.Release|Any CPU.ActiveCfg = Release|Any CPU
		{3D0B0EB2-86C0-4A97-9AE2-DD90285595A0}.Release|Any CPU.Build.0 = Release|Any CPU
		{DD9AC6DA-1118-4EE6-A48A-80566D6AA17B}.Debug|Any CPU.ActiveCfg = Debug|Any CPU
		{DD9AC6DA-1118-4EE6-A48A-80566D6AA17B}.Debug|Any CPU.Build.0 = Debug|Any CPU
		{DD9AC6DA-1118-4EE6-A48A-80566D6AA17B}.Release|Any CPU.ActiveCfg = Release|Any CPU
		{DD9AC6DA-1118-4EE6-A48A-80566D6AA17B}.Release|Any CPU.Build.0 = Release|Any CPU
		{74B8CDFE-6541-4E47-9EC2-5D46C561AAB4}.Debug|Any CPU.ActiveCfg = Debug|Any CPU
		{74B8CDFE-6541-4E47-9EC2-5D46C561AAB4}.Debug|Any CPU.Build.0 = Debug|Any CPU
		{74B8CDFE-6541-4E47-9EC2-5D46C561AAB4}.Release|Any CPU.ActiveCfg = Release|Any CPU
		{74B8CDFE-6541-4E47-9EC2-5D46C561AAB4}.Release|Any CPU.Build.0 = Release|Any CPU
		{505A746B-2AF6-4756-8374-ECB08936EBFF}.Debug|Any CPU.ActiveCfg = Debug|Any CPU
		{505A746B-2AF6-4756-8374-ECB08936EBFF}.Debug|Any CPU.Build.0 = Debug|Any CPU
		{505A746B-2AF6-4756-8374-ECB08936EBFF}.Release|Any CPU.ActiveCfg = Release|Any CPU
		{505A746B-2AF6-4756-8374-ECB08936EBFF}.Release|Any CPU.Build.0 = Release|Any CPU
		{F2162DC8-B06B-4B3B-958F-25F0396E2225}.Debug|Any CPU.ActiveCfg = Debug|Any CPU
		{F2162DC8-B06B-4B3B-958F-25F0396E2225}.Debug|Any CPU.Build.0 = Debug|Any CPU
		{F2162DC8-B06B-4B3B-958F-25F0396E2225}.Release|Any CPU.ActiveCfg = Release|Any CPU
		{F2162DC8-B06B-4B3B-958F-25F0396E2225}.Release|Any CPU.Build.0 = Release|Any CPU
		{2D48645E-EE83-49C6-9D91-C10240BE2E6A}.Debug|Any CPU.ActiveCfg = Debug|Any CPU
		{2D48645E-EE83-49C6-9D91-C10240BE2E6A}.Debug|Any CPU.Build.0 = Debug|Any CPU
		{2D48645E-EE83-49C6-9D91-C10240BE2E6A}.Release|Any CPU.ActiveCfg = Release|Any CPU
		{2D48645E-EE83-49C6-9D91-C10240BE2E6A}.Release|Any CPU.Build.0 = Release|Any CPU
		{8F94BEA0-4CDB-45F4-8950-7692D30AA789}.Debug|Any CPU.ActiveCfg = Debug|Any CPU
		{8F94BEA0-4CDB-45F4-8950-7692D30AA789}.Debug|Any CPU.Build.0 = Debug|Any CPU
		{8F94BEA0-4CDB-45F4-8950-7692D30AA789}.Release|Any CPU.ActiveCfg = Release|Any CPU
		{8F94BEA0-4CDB-45F4-8950-7692D30AA789}.Release|Any CPU.Build.0 = Release|Any CPU
		{87EF35BC-211F-494D-9249-454FF809CBCC}.Debug|Any CPU.ActiveCfg = Debug|Any CPU
		{87EF35BC-211F-494D-9249-454FF809CBCC}.Debug|Any CPU.Build.0 = Debug|Any CPU
		{87EF35BC-211F-494D-9249-454FF809CBCC}.Release|Any CPU.ActiveCfg = Release|Any CPU
		{87EF35BC-211F-494D-9249-454FF809CBCC}.Release|Any CPU.Build.0 = Release|Any CPU
		{C64BA572-E30C-449D-8DF7-33DAE30D004A}.Debug|Any CPU.ActiveCfg = Debug|Any CPU
		{C64BA572-E30C-449D-8DF7-33DAE30D004A}.Debug|Any CPU.Build.0 = Debug|Any CPU
		{C64BA572-E30C-449D-8DF7-33DAE30D004A}.Release|Any CPU.ActiveCfg = Release|Any CPU
		{C64BA572-E30C-449D-8DF7-33DAE30D004A}.Release|Any CPU.Build.0 = Release|Any CPU
		{C62A15E9-3AB6-4244-8D1C-648649F39298}.Debug|Any CPU.ActiveCfg = Debug|Any CPU
		{C62A15E9-3AB6-4244-8D1C-648649F39298}.Debug|Any CPU.Build.0 = Debug|Any CPU
		{C62A15E9-3AB6-4244-8D1C-648649F39298}.Release|Any CPU.ActiveCfg = Release|Any CPU
		{C62A15E9-3AB6-4244-8D1C-648649F39298}.Release|Any CPU.Build.0 = Release|Any CPU
		{FE2E86A8-9956-4AE9-85C4-8FA25F51FF05}.Debug|Any CPU.ActiveCfg = Debug|Any CPU
		{FE2E86A8-9956-4AE9-85C4-8FA25F51FF05}.Debug|Any CPU.Build.0 = Debug|Any CPU
		{FE2E86A8-9956-4AE9-85C4-8FA25F51FF05}.Release|Any CPU.ActiveCfg = Release|Any CPU
		{FE2E86A8-9956-4AE9-85C4-8FA25F51FF05}.Release|Any CPU.Build.0 = Release|Any CPU
		{F3EBCDAF-005C-4429-8F3A-F6B8CF103BB8}.Debug|Any CPU.ActiveCfg = Debug|Any CPU
		{F3EBCDAF-005C-4429-8F3A-F6B8CF103BB8}.Debug|Any CPU.Build.0 = Debug|Any CPU
		{F3EBCDAF-005C-4429-8F3A-F6B8CF103BB8}.Release|Any CPU.ActiveCfg = Release|Any CPU
		{F3EBCDAF-005C-4429-8F3A-F6B8CF103BB8}.Release|Any CPU.Build.0 = Release|Any CPU
		{C368D1E5-E700-43A6-96B2-FE8A7D61205F}.Debug|Any CPU.ActiveCfg = Debug|Any CPU
		{C368D1E5-E700-43A6-96B2-FE8A7D61205F}.Debug|Any CPU.Build.0 = Debug|Any CPU
		{C368D1E5-E700-43A6-96B2-FE8A7D61205F}.Release|Any CPU.ActiveCfg = Release|Any CPU
		{C368D1E5-E700-43A6-96B2-FE8A7D61205F}.Release|Any CPU.Build.0 = Release|Any CPU
		{16B4F251-9558-467D-99FA-891D733914FB}.Debug|Any CPU.ActiveCfg = Debug|Any CPU
		{16B4F251-9558-467D-99FA-891D733914FB}.Debug|Any CPU.Build.0 = Debug|Any CPU
		{16B4F251-9558-467D-99FA-891D733914FB}.Release|Any CPU.ActiveCfg = Release|Any CPU
		{16B4F251-9558-467D-99FA-891D733914FB}.Release|Any CPU.Build.0 = Release|Any CPU
		{C2FAD9B5-DF38-4243-A68A-AA66BC1D0AF3}.Debug|Any CPU.ActiveCfg = Debug|Any CPU
		{C2FAD9B5-DF38-4243-A68A-AA66BC1D0AF3}.Debug|Any CPU.Build.0 = Debug|Any CPU
		{C2FAD9B5-DF38-4243-A68A-AA66BC1D0AF3}.Release|Any CPU.ActiveCfg = Release|Any CPU
		{C2FAD9B5-DF38-4243-A68A-AA66BC1D0AF3}.Release|Any CPU.Build.0 = Release|Any CPU
		{01B2E21E-6D54-4E08-89C9-C80A85CA3544}.Debug|Any CPU.ActiveCfg = Debug|Any CPU
		{01B2E21E-6D54-4E08-89C9-C80A85CA3544}.Debug|Any CPU.Build.0 = Debug|Any CPU
		{01B2E21E-6D54-4E08-89C9-C80A85CA3544}.Release|Any CPU.ActiveCfg = Release|Any CPU
		{01B2E21E-6D54-4E08-89C9-C80A85CA3544}.Release|Any CPU.Build.0 = Release|Any CPU
		{D7ADF583-D929-4F36-B746-C8B4C443E223}.Debug|Any CPU.ActiveCfg = Debug|Any CPU
		{D7ADF583-D929-4F36-B746-C8B4C443E223}.Debug|Any CPU.Build.0 = Debug|Any CPU
		{D7ADF583-D929-4F36-B746-C8B4C443E223}.Release|Any CPU.ActiveCfg = Release|Any CPU
		{D7ADF583-D929-4F36-B746-C8B4C443E223}.Release|Any CPU.Build.0 = Release|Any CPU
	EndGlobalSection
	GlobalSection(SolutionProperties) = preSolution
		HideSolutionNode = FALSE
	EndGlobalSection
	GlobalSection(NestedProjects) = preSolution
		{914784AB-AA3D-4427-A97D-0408415DDA6F} = {93818555-5534-4822-8DA5-99350D561D11}
		{4F70EE40-BF4B-4556-B5DB-27253CA9656F} = {93818555-5534-4822-8DA5-99350D561D11}
		{2DB9DDC5-A256-4BEE-A1BB-328D79532F60} = {93818555-5534-4822-8DA5-99350D561D11}
		{0E44003D-3BF6-4384-AB7B-BA5E77AABF08} = {93818555-5534-4822-8DA5-99350D561D11}
		{447B653A-C126-4B65-8560-36A8A376A9C0} = {93818555-5534-4822-8DA5-99350D561D11}
		{C35F34CA-C28A-4CF1-8CA0-65281D3EB6D5} = {93818555-5534-4822-8DA5-99350D561D11}
		{D77866D1-8025-4DBE-BCD2-68873DB424B9} = {93818555-5534-4822-8DA5-99350D561D11}
		{4E7069B1-2178-4A99-96E9-FE2F121EF3DA} = {93818555-5534-4822-8DA5-99350D561D11}
		{1B92E077-B795-4BBB-B403-30443E60ACAD} = {93818555-5534-4822-8DA5-99350D561D11}
		{22AA25A8-9903-4434-85AB-B2DA2F270813} = {93818555-5534-4822-8DA5-99350D561D11}
		{4C0DE97D-BED8-4137-9681-C9ADDD6614A7} = {93818555-5534-4822-8DA5-99350D561D11}
		{0D3A5165-9A8C-4F4A-B1AA-6A86DF05A07A} = {93818555-5534-4822-8DA5-99350D561D11}
		{66587378-80EF-40F6-81B0-6E9D5965FDDE} = {93818555-5534-4822-8DA5-99350D561D11}
		{34DF3276-0EC3-442A-931C-A60A39D376F8} = {93818555-5534-4822-8DA5-99350D561D11}
		{20763D6D-288E-4E42-BEC6-F6F4F14C6339} = {93818555-5534-4822-8DA5-99350D561D11}
		{94CB18DD-12EE-4292-9A45-573C2E55350A} = {93818555-5534-4822-8DA5-99350D561D11}
		{1745A85D-46E4-4BA4-9790-001ADAC804A1} = {EB4E94A1-6186-4C1B-9FCF-6A6910DCBC74}
		{13B9F384-44D6-4078-971B-0AF4F9D994B9} = {93818555-5534-4822-8DA5-99350D561D11}
		{EF841F3D-C94A-4922-840A-F1590BAE78AB} = {93818555-5534-4822-8DA5-99350D561D11}
		{125C1E49-DFDC-48CA-95C9-6ED521DB25B2} = {93818555-5534-4822-8DA5-99350D561D11}
		{38433751-E88E-42CA-94FA-D4D302C4334F} = {93818555-5534-4822-8DA5-99350D561D11}
		{19FD3A31-3960-49BD-9033-0A5D857FBFC4} = {93818555-5534-4822-8DA5-99350D561D11}
		{58EF450E-1B92-4291-B235-D25D99BBFB34} = {93818555-5534-4822-8DA5-99350D561D11}
		{C1656723-DB10-4BCA-B6B0-88D1D5E42289} = {93818555-5534-4822-8DA5-99350D561D11}
		{91B5FC76-5C02-49B2-A7BE-22978C236D5B} = {93818555-5534-4822-8DA5-99350D561D11}
		{76A140D3-FA71-4771-BAE7-70F4EEFF93EB} = {93818555-5534-4822-8DA5-99350D561D11}
		{A2BEF80A-E07C-4CDF-9D67-FC8654A60EB9} = {93818555-5534-4822-8DA5-99350D561D11}
		{FAE95D94-2913-4CC1-94DF-A947C6058599} = {93818555-5534-4822-8DA5-99350D561D11}
		{3E7D894B-141B-4F7B-B6E0-A11B9EB3397A} = {EB4E94A1-6186-4C1B-9FCF-6A6910DCBC74}
		{BCA10D74-C370-443B-9064-BFB49D07DA1F} = {93818555-5534-4822-8DA5-99350D561D11}
		{C54F5515-8820-410B-B26F-BD64E68ADB78} = {93818555-5534-4822-8DA5-99350D561D11}
		{5FCE02D5-A2F9-412E-B8A9-05F35FB903E1} = {93818555-5534-4822-8DA5-99350D561D11}
		{630630B0-CBD9-4CF5-ACC5-B26B250188CA} = {93818555-5534-4822-8DA5-99350D561D11}
		{68823865-3543-4B17-BACB-BAF387311AAD} = {93818555-5534-4822-8DA5-99350D561D11}
		{437126BA-6AE7-4B83-8594-16F926A68AED} = {93818555-5534-4822-8DA5-99350D561D11}
		{0D1A3E03-F38D-44AE-8145-62A7A6740D1F} = {93818555-5534-4822-8DA5-99350D561D11}
		{D3A2CA37-9B80-4712-A126-799FCDAAD31E} = {93818555-5534-4822-8DA5-99350D561D11}
		{4DA4DEA0-E47E-4416-9E8D-D55FEAD2DE26} = {93818555-5534-4822-8DA5-99350D561D11}
		{A4825B45-12D3-4134-9832-43D5FF8E8BCD} = {93818555-5534-4822-8DA5-99350D561D11}
		{CFE5A1AE-2845-4979-AD38-119E9404EB84} = {93818555-5534-4822-8DA5-99350D561D11}
		{A4F6DDBB-A6AD-44E4-BCC3-5ACA08E627BE} = {93818555-5534-4822-8DA5-99350D561D11}
		{ABDA5220-D264-4995-B1CC-A36CB6711EF7} = {93818555-5534-4822-8DA5-99350D561D11}
		{376BD5FF-CE5C-4FFB-A4D3-CE5D0ABA8A1E} = {93818555-5534-4822-8DA5-99350D561D11}
		{D3912775-E65F-478B-8526-9C0CE1CC3A9B} = {93818555-5534-4822-8DA5-99350D561D11}
		{3D0B0EB2-86C0-4A97-9AE2-DD90285595A0} = {93818555-5534-4822-8DA5-99350D561D11}
		{DD9AC6DA-1118-4EE6-A48A-80566D6AA17B} = {93818555-5534-4822-8DA5-99350D561D11}
		{74B8CDFE-6541-4E47-9EC2-5D46C561AAB4} = {93818555-5534-4822-8DA5-99350D561D11}
		{505A746B-2AF6-4756-8374-ECB08936EBFF} = {93818555-5534-4822-8DA5-99350D561D11}
		{F2162DC8-B06B-4B3B-958F-25F0396E2225} = {93818555-5534-4822-8DA5-99350D561D11}
		{2D48645E-EE83-49C6-9D91-C10240BE2E6A} = {93818555-5534-4822-8DA5-99350D561D11}
		{8F94BEA0-4CDB-45F4-8950-7692D30AA789} = {93818555-5534-4822-8DA5-99350D561D11}
		{87EF35BC-211F-494D-9249-454FF809CBCC} = {93818555-5534-4822-8DA5-99350D561D11}
		{C64BA572-E30C-449D-8DF7-33DAE30D004A} = {93818555-5534-4822-8DA5-99350D561D11}
		{C62A15E9-3AB6-4244-8D1C-648649F39298} = {93818555-5534-4822-8DA5-99350D561D11}
		{FE2E86A8-9956-4AE9-85C4-8FA25F51FF05} = {93818555-5534-4822-8DA5-99350D561D11}
		{F3EBCDAF-005C-4429-8F3A-F6B8CF103BB8} = {93818555-5534-4822-8DA5-99350D561D11}
		{C368D1E5-E700-43A6-96B2-FE8A7D61205F} = {93818555-5534-4822-8DA5-99350D561D11}
		{16B4F251-9558-467D-99FA-891D733914FB} = {93818555-5534-4822-8DA5-99350D561D11}
		{C2FAD9B5-DF38-4243-A68A-AA66BC1D0AF3} = {93818555-5534-4822-8DA5-99350D561D11}
		{01B2E21E-6D54-4E08-89C9-C80A85CA3544} = {93818555-5534-4822-8DA5-99350D561D11}
		{D7ADF583-D929-4F36-B746-C8B4C443E223} = {93818555-5534-4822-8DA5-99350D561D11}
	EndGlobalSection
	GlobalSection(ExtensibilityGlobals) = postSolution
		SolutionGuid = {0AFBD862-35E5-4C8E-AD66-EF2326406803}
	EndGlobalSection
EndGlobal
